{
  "lockfileVersion": 1,
  "workspaces": {
    "": {
      "name": "test-options",
      "dependencies": {
        "tronbun": "../..",
      },
      "devDependencies": {
        "@types/bun": "latest",
        "typescript": "^5",
      },
    },
  },
  "packages": {
    "@oven/bun-darwin-aarch64": ["@oven/bun-darwin-aarch64@1.2.19", "", { "os": "darwin", "cpu": "arm64" }, "sha512-pJBuez9gwR03Wjtk4hSSBA6QgNdhvPLbrxU4DDzVY8Ee+Q67xNkU0CMK6rFdQF8Qetj2R+Vf8AJDlwAc1QdG1w=="],

    "@oven/bun-darwin-x64": ["@oven/bun-darwin-x64@1.2.19", "", { "os": "darwin", "cpu": "x64" }, "sha512-dsgmgDOG++JsQ3wXEyTiUzhT/4wqcnAxfCQOPho6LgosVUPs6etn01uA1yCySjSk8DrugQIivXB2TaqoOrhKJg=="],

    "@oven/bun-darwin-x64-baseline": ["@oven/bun-darwin-x64-baseline@1.2.19", "", { "os": "darwin", "cpu": "x64" }, "sha512-fOqbLeP3MoSbeosykTp1+BYSKDJxdjWKyxbPqHTJK2Mnt78+LPTE2yQbCzUL5LBLSRVkIxbTyIcEZxVg3eJmYg=="],

    "@oven/bun-linux-aarch64": ["@oven/bun-linux-aarch64@1.2.19", "", { "os": "linux", "cpu": "arm64" }, "sha512-G4WYbvpfrR5dLBZQoNmYzt8DBguMpPeCz6feU3Qv9E6NmA3xiqyItyDAVgDJrllPk6hvbMi9dYNxXn0NVTjMfw=="],

    "@oven/bun-linux-aarch64-musl": ["@oven/bun-linux-aarch64-musl@1.2.19", "", { "os": "linux", "cpu": "none" }, "sha512-awB1ZEh7AbxXGemT/d33F6F4bwClWSFjhcatrweG5o5gh16c4pBKTldg/TUY9EEFrQJVyYQklgl/D919GDLTFA=="],

    "@oven/bun-linux-x64": ["@oven/bun-linux-x64@1.2.19", "", { "os": "linux", "cpu": "x64" }, "sha512-vGhkEtcaPQjizoVAo+1hsVTixarOWxVgwbYZHgoi/pGGIdWWBGNlWnIUQirOv8JVtCMnzkYqrPMHR3EqSvQoFg=="],

    "@oven/bun-linux-x64-baseline": ["@oven/bun-linux-x64-baseline@1.2.19", "", { "os": "linux", "cpu": "x64" }, "sha512-gMp1J9fZ1eOrCM0jQblCWRMiU9t3a+wyyHtb0DdHVZpgSdGJ5UpWATfTYFUbmckgVfCJ6Qo8YSMcmtxRtPYgww=="],

    "@oven/bun-linux-x64-musl": ["@oven/bun-linux-x64-musl@1.2.19", "", { "os": "linux", "cpu": "x64" }, "sha512-nUBP55pR8hpAZ9omKxkX1SmyEPcTL/ZMgnirC3BdFAec99uqijq8XEWWfSDAmpI8D428vjIhbafArmbutRR1VQ=="],

    "@oven/bun-linux-x64-musl-baseline": ["@oven/bun-linux-x64-musl-baseline@1.2.19", "", { "os": "linux", "cpu": "x64" }, "sha512-9NkUMndXwSyDiDOwCtYoxdXIqg+f30dVm0FwZOUJp8SSuhx8Vaadc5gzzC+A8cGie/IwVchWzJw+mWLStAM8HQ=="],

    "@oven/bun-windows-x64": ["@oven/bun-windows-x64@1.2.19", "", { "os": "win32", "cpu": "x64" }, "sha512-5OIPUl8fKT/tpxX6pOJUfoAR32k9YdmXbte0zwahIVhyjCyFh0HKQHbfSeJZYV2AzVWbnELszDLRRLnzVbzYSQ=="],

    "@oven/bun-windows-x64-baseline": ["@oven/bun-windows-x64-baseline@1.2.19", "", { "os": "win32", "cpu": "x64" }, "sha512-OiD1xoVQuj8JHbrDqCQE3sU5r8VIaB9cCDym7BTnnMQLYzZxYEWWvBub8fc/yK7ctuoAS6V+p74Qda6RhDRHpg=="],

    "@types/bun": ["@types/bun@1.2.19", "", { "dependencies": { "bun-types": "1.2.19" } }, "sha512-d9ZCmrH3CJ2uYKXQIUuZ/pUnTqIvLDS0SK7pFmbx8ma+ziH/FRMoAq5bYpRG7y+w1gl+HgyNZbtqgMq4W4e2Lg=="],

    "@types/node": ["@types/node@24.2.0", "", { "dependencies": { "undici-types": "~7.10.0" } }, "sha512-3xyG3pMCq3oYCNg7/ZP+E1ooTaGB4cG8JWRsqqOYQdbWNY4zbaV0Ennrd7stjiJEFZCaybcIgpTjJWHRfBSIDw=="],

    "@types/react": ["@types/react@19.1.9", "", { "dependencies": { "csstype": "^3.0.2" } }, "sha512-WmdoynAX8Stew/36uTSVMcLJJ1KRh6L3IZRx1PZ7qJtBqT3dYTgyDTx8H1qoRghErydW7xw9mSJ3wS//tCRpFA=="],

    "bun": ["bun@1.2.19", "", { "optionalDependencies": { "@oven/bun-darwin-aarch64": "1.2.19", "@oven/bun-darwin-x64": "1.2.19", "@oven/bun-darwin-x64-baseline": "1.2.19", "@oven/bun-linux-aarch64": "1.2.19", "@oven/bun-linux-aarch64-musl": "1.2.19", "@oven/bun-linux-x64": "1.2.19", "@oven/bun-linux-x64-baseline": "1.2.19", "@oven/bun-linux-x64-musl": "1.2.19", "@oven/bun-linux-x64-musl-baseline": "1.2.19", "@oven/bun-windows-x64": "1.2.19", "@oven/bun-windows-x64-baseline": "1.2.19" }, "os": [ "linux", "win32", "darwin", ], "cpu": [ "x64", "arm64", ], "bin": { "bun": "bin/bun.exe", "bunx": "bin/bunx.exe" } }, "sha512-P70KUfH9cvgcl8Hjvamr98NinEatV23yX6qaY7z1+3rBPdds0oVX0u6FfrYnWc8F3ayFQ4do6/6xBLWY4itJkQ=="],

    "bun-types": ["bun-types@1.2.19", "", { "dependencies": { "@types/node": "*" }, "peerDependencies": { "@types/react": "^19" } }, "sha512-uAOTaZSPuYsWIXRpj7o56Let0g/wjihKCkeRqUBhlLVM/Bt+Fj9xTo+LhC1OV1XDaGkz4hNC80et5xgy+9KTHQ=="],

    "csstype": ["csstype@3.1.3", "", {}, "sha512-M1uQkMl8rQK/szD0LNhtqxIPLpimGm8sOBwU7lLnCpSbTyY3yeU1Vc7l4KT5zT4s/yOxHH5O7tIuuLOCnLADRw=="],

    "tronbun": ["tronbun@file:../..", { "dependencies": { "bun": "^1.2.19" }, "devDependencies": { "@types/bun": "latest" }, "peerDependencies": { "typescript": "^5" }, "bin": { "tronbun": "./cli/index.ts" } }],

    "typescript": ["typescript@5.9.2", "", { "bin": { "tsc": "bin/tsc", "tsserver": "bin/tsserver" } }, "sha512-CWBzXQrc/qOkhidw1OzBTQuYRbfyxDXJMVJ1XNwUHGROVmuaeiEm3OslpZ1RV96d7SKKjZKrSJu3+t/xlw3R9A=="],

    "undici-types": ["undici-types@7.10.0", "", {}, "sha512-t5Fy/nfn+14LuOc2KNYg75vZqClpAiqscVvMygNnlsHBFpSXdJaYtXMcdNLpl/Qvc3P2cB3s6lOV51nqsFq4ag=="],
  }
}
